
Microsoft Visual Studio Solution File, Format Version 12.00
# Visual Studio Version 17
VisualStudioVersion = 17.2.32630.192
MinimumVisualStudioVersion = 10.0.40219.1
Project("{FAE04EC0-301F-11D3-BF4B-00C04F79EFBC}") = "ExercicioFixacaoAbstratos", "ExercicioFixacaoAbstratos\ExercicioFixacaoAbstratos.csproj", "{B6151137-80B1-4213-94E6-2EA339649A68}"
EndProject
Global
	GlobalSection(SolutionConfigurationPlatforms) = preSolution
		Debug|Any CPU = Debug|Any CPU
		Release|Any CPU = Release|Any CPU
	EndGlobalSection
	GlobalSection(ProjectConfigurationPlatforms) = postSolution
		{B6151137-80B1-4213-94E6-2EA339649A68}.Debug|Any CPU.ActiveCfg = Debug|Any CPU
		{B6151137-80B1-4213-94E6-2EA339649A68}.Debug|Any CPU.Build.0 = Debug|Any CPU
		{B6151137-80B1-4213-94E6-2EA339649A68}.Release|Any CPU.ActiveCfg = Release|Any CPU
		{B6151137-80B1-4213-94E6-2EA339649A68}.Release|Any CPU.Build.0 = Release|Any CPU
	EndGlobalSection
	GlobalSection(SolutionProperties) = preSolution
		HideSolutionNode = FALSE
	EndGlobalSection
	GlobalSection(ExtensibilityGlobals) = postSolution
		SolutionGuid = {668506D2-0F99-4408-AE93-A24D7E11B2ED}
	EndGlobalSection
EndGlobal
