
Microsoft Visual Studio Solution File, Format Version 12.00
# Visual Studio Version 17
VisualStudioVersion = 17.2.32630.192
MinimumVisualStudioVersion = 10.0.40219.1
Project("{FAE04EC0-301F-11D3-BF4B-00C04F79EFBC}") = "Enumeracoes", "Enumeracoes\Enumeracoes.csproj", "{EA354D78-F8A0-43C3-A468-B7E4E793C91C}"
EndProject
Global
	GlobalSection(SolutionConfigurationPlatforms) = preSolution
		Debug|Any CPU = Debug|Any CPU
		Release|Any CPU = Release|Any CPU
	EndGlobalSection
	GlobalSection(ProjectConfigurationPlatforms) = postSolution
		{EA354D78-F8A0-43C3-A468-B7E4E793C91C}.Debug|Any CPU.ActiveCfg = Debug|Any CPU
		{EA354D78-F8A0-43C3-A468-B7E4E793C91C}.Debug|Any CPU.Build.0 = Debug|Any CPU
		{EA354D78-F8A0-43C3-A468-B7E4E793C91C}.Release|Any CPU.ActiveCfg = Release|Any CPU
		{EA354D78-F8A0-43C3-A468-B7E4E793C91C}.Release|Any CPU.Build.0 = Release|Any CPU
	EndGlobalSection
	GlobalSection(SolutionProperties) = preSolution
		HideSolutionNode = FALSE
	EndGlobalSection
	GlobalSection(ExtensibilityGlobals) = postSolution
		SolutionGuid = {C42E876A-2FBA-415C-A881-69960F42C11A}
	EndGlobalSection
EndGlobal
